
Microsoft Visual Studio Solution File, Format Version 12.00
# Visual Studio Version 16
VisualStudioVersion = 16.0.31729.503
MinimumVisualStudioVersion = 10.0.40219.1
Project("{9A19103F-16F7-4668-BE54-9A1E7A4F7556}") = "ConsoleText", "ConsoleText.csproj", "{AA33B904-1321-4F8C-BF86-A9B8111D48BA}"
EndProject
Global
	GlobalSection(SolutionConfigurationPlatforms) = preSolution
		Debug|Any CPU = Debug|Any CPU
		Release|Any CPU = Release|Any CPU
	EndGlobalSection
	GlobalSection(ProjectConfigurationPlatforms) = postSolution
		{AA33B904-1321-4F8C-BF86-A9B8111D48BA}.Debug|Any CPU.ActiveCfg = Debug|Any CPU
		{AA33B904-1321-4F8C-BF86-A9B8111D48BA}.Debug|Any CPU.Build.0 = Debug|Any CPU
		{AA33B904-1321-4F8C-BF86-A9B8111D48BA}.Release|Any CPU.ActiveCfg = Release|Any CPU
		{AA33B904-1321-4F8C-BF86-A9B8111D48BA}.Release|Any CPU.Build.0 = Release|Any CPU
	EndGlobalSection
	GlobalSection(SolutionProperties) = preSolution
		HideSolutionNode = FALSE
	EndGlobalSection
	GlobalSection(ExtensibilityGlobals) = postSolution
		SolutionGuid = {9EF30CF0-C38E-4FBF-B991-1A6782E389C0}
	EndGlobalSection
EndGlobal
